// !$*UTF8*$!
{
	archiveVersion = 1;
	classes = {
	};
	objectVersion = 55;
	objects = {

/* Begin PBXBuildFile section */
		3F015EEB2740167000E3E8D5 /* AppDelegate.swift in Sources */ = {isa = PBXBuildFile; fileRef = 3F015EEA2740167000E3E8D5 /* AppDelegate.swift */; };
		3F015EED2740167000E3E8D5 /* SceneDelegate.swift in Sources */ = {isa = PBXBuildFile; fileRef = 3F015EEC2740167000E3E8D5 /* SceneDelegate.swift */; };
		3F015EEF2740167000E3E8D5 /* ViewController.swift in Sources */ = {isa = PBXBuildFile; fileRef = 3F015EEE2740167000E3E8D5 /* ViewController.swift */; };
		3F015EF22740167000E3E8D5 /* Main.storyboard in Resources */ = {isa = PBXBuildFile; fileRef = 3F015EF02740167000E3E8D5 /* Main.storyboard */; };
		3F015EF42740167700E3E8D5 /* Assets.xcassets in Resources */ = {isa = PBXBuildFile; fileRef = 3F015EF32740167700E3E8D5 /* Assets.xcassets */; };
		3F015EF72740167700E3E8D5 /* LaunchScreen.storyboard in Resources */ = {isa = PBXBuildFile; fileRef = 3F015EF52740167700E3E8D5 /* LaunchScreen.storyboard */; };
		3F015F022740167A00E3E8D5 /* TinderTests.swift in Sources */ = {isa = PBXBuildFile; fileRef = 3F015F012740167A00E3E8D5 /* TinderTests.swift */; };
		3F015F0C2740167A00E3E8D5 /* TinderUITests.swift in Sources */ = {isa = PBXBuildFile; fileRef = 3F015F0B2740167A00E3E8D5 /* TinderUITests.swift */; };
		3F015F0E2740167A00E3E8D5 /* TinderUITestsLaunchTests.swift in Sources */ = {isa = PBXBuildFile; fileRef = 3F015F0D2740167A00E3E8D5 /* TinderUITestsLaunchTests.swift */; };
/* End PBXBuildFile section */

/* Begin PBXContainerItemProxy section */
		3F015EFE2740167900E3E8D5 /* PBXContainerItemProxy */ = {
			isa = PBXContainerItemProxy;
			containerPortal = 3F015EDF2740166F00E3E8D5 /* Project object */;
			proxyType = 1;
			remoteGlobalIDString = 3F015EE62740166F00E3E8D5;
			remoteInfo = Tinder;
		};
		3F015F082740167A00E3E8D5 /* PBXContainerItemProxy */ = {
			isa = PBXContainerItemProxy;
			containerPortal = 3F015EDF2740166F00E3E8D5 /* Project object */;
			proxyType = 1;
			remoteGlobalIDString = 3F015EE62740166F00E3E8D5;
			remoteInfo = Tinder;
		};
/* End PBXContainerItemProxy section */

/* Begin PBXFileReference section */
		3F015EE72740167000E3E8D5 /* Tinder.app */ = {isa = PBXFileReference; explicitFileType = wrapper.application; includeInIndex = 0; path = Tinder.app; sourceTree = BUILT_PRODUCTS_DIR; };
		3F015EEA2740167000E3E8D5 /* AppDelegate.swift */ = {isa = PBXFileReference; lastKnownFileType = sourcecode.swift; path = AppDelegate.swift; sourceTree = "<group>"; };
		3F015EEC2740167000E3E8D5 /* SceneDelegate.swift */ = {isa = PBXFileReference; lastKnownFileType = sourcecode.swift; path = SceneDelegate.swift; sourceTree = "<group>"; };
		3F015EEE2740167000E3E8D5 /* ViewController.swift */ = {isa = PBXFileReference; lastKnownFileType = sourcecode.swift; path = ViewController.swift; sourceTree = "<group>"; };
		3F015EF12740167000E3E8D5 /* Base */ = {isa = PBXFileReference; lastKnownFileType = file.storyboard; name = Base; path = Base.lproj/Main.storyboard; sourceTree = "<group>"; };
		3F015EF32740167700E3E8D5 /* Assets.xcassets */ = {isa = PBXFileReference; lastKnownFileType = folder.assetcatalog; path = Assets.xcassets; sourceTree = "<group>"; };
		3F015EF62740167700E3E8D5 /* Base */ = {isa = PBXFileReference; lastKnownFileType = file.storyboard; name = Base; path = Base.lproj/LaunchScreen.storyboard; sourceTree = "<group>"; };
		3F015EF82740167700E3E8D5 /* Info.plist */ = {isa = PBXFileReference; lastKnownFileType = text.plist.xml; path = Info.plist; sourceTree = "<group>"; };
		3F015EFD2740167900E3E8D5 /* TinderTests.xctest */ = {isa = PBXFileReference; explicitFileType = wrapper.cfbundle; includeInIndex = 0; path = TinderTests.xctest; sourceTree = BUILT_PRODUCTS_DIR; };
		3F015F012740167A00E3E8D5 /* TinderTests.swift */ = {isa = PBXFileReference; lastKnownFileType = sourcecode.swift; path = TinderTests.swift; sourceTree = "<group>"; };
		3F015F072740167A00E3E8D5 /* TinderUITests.xctest */ = {isa = PBXFileReference; explicitFileType = wrapper.cfbundle; includeInIndex = 0; path = TinderUITests.xctest; sourceTree = BUILT_PRODUCTS_DIR; };
		3F015F0B2740167A00E3E8D5 /* TinderUITests.swift */ = {isa = PBXFileReference; lastKnownFileType = sourcecode.swift; path = TinderUITests.swift; sourceTree = "<group>"; };
		3F015F0D2740167A00E3E8D5 /* TinderUITestsLaunchTests.swift */ = {isa = PBXFileReference; lastKnownFileType = sourcecode.swift; path = TinderUITestsLaunchTests.swift; sourceTree = "<group>"; };
/* End PBXFileReference section */

/* Begin PBXFrameworksBuildPhase section */
		3F015EE42740166F00E3E8D5 /* Frameworks */ = {
			isa = PBXFrameworksBuildPhase;
			buildActionMask = 2147483647;
			files = (
			);
			runOnlyForDeploymentPostprocessing = 0;
		};
		3F015EFA2740167900E3E8D5 /* Frameworks */ = {
			isa = PBXFrameworksBuildPhase;
			buildActionMask = 2147483647;
			files = (
			);
			runOnlyForDeploymentPostprocessing = 0;
		};
		3F015F042740167A00E3E8D5 /* Frameworks */ = {
			isa = PBXFrameworksBuildPhase;
			buildActionMask = 2147483647;
			files = (
			);
			runOnlyForDeploymentPostprocessing = 0;
		};
/* End PBXFrameworksBuildPhase section */

/* Begin PBXGroup section */
		3F015EDE2740166F00E3E8D5 = {
			isa = PBXGroup;
			children = (
				3F015EE92740167000E3E8D5 /* Tinder */,
				3F015F002740167A00E3E8D5 /* TinderTests */,
				3F015F0A2740167A00E3E8D5 /* TinderUITests */,
				3F015EE82740167000E3E8D5 /* Products */,
			);
			sourceTree = "<group>";
		};
		3F015EE82740167000E3E8D5 /* Products */ = {
			isa = PBXGroup;
			children = (
				3F015EE72740167000E3E8D5 /* Tinder.app */,
				3F015EFD2740167900E3E8D5 /* TinderTests.xctest */,
				3F015F072740167A00E3E8D5 /* TinderUITests.xctest */,
			);
			name = Products;
			sourceTree = "<group>";
		};
		3F015EE92740167000E3E8D5 /* Tinder */ = {
			isa = PBXGroup;
			children = (
				3F015EEA2740167000E3E8D5 /* AppDelegate.swift */,
				3F015EEC2740167000E3E8D5 /* SceneDelegate.swift */,
				3F015EEE2740167000E3E8D5 /* ViewController.swift */,
				3F015EF02740167000E3E8D5 /* Main.storyboard */,
				3F015EF32740167700E3E8D5 /* Assets.xcassets */,
				3F015EF52740167700E3E8D5 /* LaunchScreen.storyboard */,
				3F015EF82740167700E3E8D5 /* Info.plist */,
			);
			path = Tinder;
			sourceTree = "<group>";
		};
		3F015F002740167A00E3E8D5 /* TinderTests */ = {
			isa = PBXGroup;
			children = (
				3F015F012740167A00E3E8D5 /* TinderTests.swift */,
			);
			path = TinderTests;
			sourceTree = "<group>";
		};
		3F015F0A2740167A00E3E8D5 /* TinderUITests */ = {
			isa = PBXGroup;
			children = (
				3F015F0B2740167A00E3E8D5 /* TinderUITests.swift */,
				3F015F0D2740167A00E3E8D5 /* TinderUITestsLaunchTests.swift */,
			);
			path = TinderUITests;
			sourceTree = "<group>";
		};
/* End PBXGroup section */

/* Begin PBXNativeTarget section */
		3F015EE62740166F00E3E8D5 /* Tinder */ = {
			isa = PBXNativeTarget;
			buildConfigurationList = 3F015F112740167A00E3E8D5 /* Build configuration list for PBXNativeTarget "Tinder" */;
			buildPhases = (
				3F015EE32740166F00E3E8D5 /* Sources */,
				3F015EE42740166F00E3E8D5 /* Frameworks */,
				3F015EE52740166F00E3E8D5 /* Resources */,
			);
			buildRules = (
			);
			dependencies = (
			);
			name = Tinder;
			productName = Tinder;
			productReference = 3F015EE72740167000E3E8D5 /* Tinder.app */;
			productType = "com.apple.product-type.application";
		};
		3F015EFC2740167900E3E8D5 /* TinderTests */ = {
			isa = PBXNativeTarget;
			buildConfigurationList = 3F015F142740167A00E3E8D5 /* Build configuration list for PBXNativeTarget "TinderTests" */;
			buildPhases = (
				3F015EF92740167900E3E8D5 /* Sources */,
				3F015EFA2740167900E3E8D5 /* Frameworks */,
				3F015EFB2740167900E3E8D5 /* Resources */,
			);
			buildRules = (
			);
			dependencies = (
				3F015EFF2740167900E3E8D5 /* PBXTargetDependency */,
			);
			name = TinderTests;
			productName = TinderTests;
			productReference = 3F015EFD2740167900E3E8D5 /* TinderTests.xctest */;
			productType = "com.apple.product-type.bundle.unit-test";
		};
		3F015F062740167A00E3E8D5 /* TinderUITests */ = {
			isa = PBXNativeTarget;
			buildConfigurationList = 3F015F172740167A00E3E8D5 /* Build configuration list for PBXNativeTarget "TinderUITests" */;
			buildPhases = (
				3F015F032740167A00E3E8D5 /* Sources */,
				3F015F042740167A00E3E8D5 /* Frameworks */,
				3F015F052740167A00E3E8D5 /* Resources */,
			);
			buildRules = (
			);
			dependencies = (
				3F015F092740167A00E3E8D5 /* PBXTargetDependency */,
			);
			name = TinderUITests;
			productName = TinderUITests;
			productReference = 3F015F072740167A00E3E8D5 /* TinderUITests.xctest */;
			productType = "com.apple.product-type.bundle.ui-testing";
		};
/* End PBXNativeTarget section */

/* Begin PBXProject section */
		3F015EDF2740166F00E3E8D5 /* Project object */ = {
			isa = PBXProject;
			attributes = {
				BuildIndependentTargetsInParallel = 1;
				LastSwiftUpdateCheck = 1310;
				LastUpgradeCheck = 1310;
				TargetAttributes = {
					3F015EE62740166F00E3E8D5 = {
						CreatedOnToolsVersion = 13.1;
					};
					3F015EFC2740167900E3E8D5 = {
						CreatedOnToolsVersion = 13.1;
						TestTargetID = 3F015EE62740166F00E3E8D5;
					};
					3F015F062740167A00E3E8D5 = {
						CreatedOnToolsVersion = 13.1;
						TestTargetID = 3F015EE62740166F00E3E8D5;
					};
				};
			};
			buildConfigurationList = 3F015EE22740166F00E3E8D5 /* Build configuration list for PBXProject "Tinder" */;
			compatibilityVersion = "Xcode 13.0";
			developmentRegion = en;
			hasScannedForEncodings = 0;
			knownRegions = (
				en,
				Base,
			);
			mainGroup = 3F015EDE2740166F00E3E8D5;
			productRefGroup = 3F015EE82740167000E3E8D5 /* Products */;
			projectDirPath = "";
			projectRoot = "";
			targets = (
				3F015EE62740166F00E3E8D5 /* Tinder */,
				3F015EFC2740167900E3E8D5 /* TinderTests */,
				3F015F062740167A00E3E8D5 /* TinderUITests */,
			);
		};
/* End PBXProject section */

/* Begin PBXResourcesBuildPhase section */
		3F015EE52740166F00E3E8D5 /* Resources */ = {
			isa = PBXResourcesBuildPhase;
			buildActionMask = 2147483647;
			files = (
				3F015EF72740167700E3E8D5 /* LaunchScreen.storyboard in Resources */,
				3F015EF42740167700E3E8D5 /* Assets.xcassets in Resources */,
				3F015EF22740167000E3E8D5 /* Main.storyboard in Resources */,
			);
			runOnlyForDeploymentPostprocessing = 0;
		};
		3F015EFB2740167900E3E8D5 /* Resources */ = {
			isa = PBXResourcesBuildPhase;
			buildActionMask = 2147483647;
			files = (
			);
			runOnlyForDeploymentPostprocessing = 0;
		};
		3F015F052740167A00E3E8D5 /* Resources */ = {
			isa = PBXResourcesBuildPhase;
			buildActionMask = 2147483647;
			files = (
			);
			runOnlyForDeploymentPostprocessing = 0;
		};
/* End PBXResourcesBuildPhase section */

/* Begin PBXSourcesBuildPhase section */
		3F015EE32740166F00E3E8D5 /* Sources */ = {
			isa = PBXSourcesBuildPhase;
			buildActionMask = 2147483647;
			files = (
				3F015EEF2740167000E3E8D5 /* ViewController.swift in Sources */,
				3F015EEB2740167000E3E8D5 /* AppDelegate.swift in Sources */,
				3F015EED2740167000E3E8D5 /* SceneDelegate.swift in Sources */,
			);
			runOnlyForDeploymentPostprocessing = 0;
		};
		3F015EF92740167900E3E8D5 /* Sources */ = {
			isa = PBXSourcesBuildPhase;
			buildActionMask = 2147483647;
			files = (
				3F015F022740167A00E3E8D5 /* TinderTests.swift in Sources */,
			);
			runOnlyForDeploymentPostprocessing = 0;
		};
		3F015F032740167A00E3E8D5 /* Sources */ = {
			isa = PBXSourcesBuildPhase;
			buildActionMask = 2147483647;
			files = (
				3F015F0E2740167A00E3E8D5 /* TinderUITestsLaunchTests.swift in Sources */,
				3F015F0C2740167A00E3E8D5 /* TinderUITests.swift in Sources */,
			);
			runOnlyForDeploymentPostprocessing = 0;
		};
/* End PBXSourcesBuildPhase section */

/* Begin PBXTargetDependency section */
		3F015EFF2740167900E3E8D5 /* PBXTargetDependency */ = {
			isa = PBXTargetDependency;
			target = 3F015EE62740166F00E3E8D5 /* Tinder */;
			targetProxy = 3F015EFE2740167900E3E8D5 /* PBXContainerItemProxy */;
		};
		3F015F092740167A00E3E8D5 /* PBXTargetDependency */ = {
			isa = PBXTargetDependency;
			target = 3F015EE62740166F00E3E8D5 /* Tinder */;
			targetProxy = 3F015F082740167A00E3E8D5 /* PBXContainerItemProxy */;
		};
/* End PBXTargetDependency section */

/* Begin PBXVariantGroup section */
		3F015EF02740167000E3E8D5 /* Main.storyboard */ = {
			isa = PBXVariantGroup;
			children = (
				3F015EF12740167000E3E8D5 /* Base */,
			);
			name = Main.storyboard;
			sourceTree = "<group>";
		};
		3F015EF52740167700E3E8D5 /* LaunchScreen.storyboard */ = {
			isa = PBXVariantGroup;
			children = (
				3F015EF62740167700E3E8D5 /* Base */,
			);
			name = LaunchScreen.storyboard;
			sourceTree = "<group>";
		};
/* End PBXVariantGroup section */

/* Begin XCBuildConfiguration section */
		3F015F0F2740167A00E3E8D5 /* Debug */ = {
			isa = XCBuildConfiguration;
			buildSettings = {
				ALWAYS_SEARCH_USER_PATHS = NO;
				CLANG_ANALYZER_NONNULL = YES;
				CLANG_ANALYZER_NUMBER_OBJECT_CONVERSION = YES_AGGRESSIVE;
				CLANG_CXX_LANGUAGE_STANDARD = "gnu++17";
				CLANG_CXX_LIBRARY = "libc++";
				CLANG_ENABLE_MODULES = YES;
				CLANG_ENABLE_OBJC_ARC = YES;
				CLANG_ENABLE_OBJC_WEAK = YES;
				CLANG_WARN_BLOCK_CAPTURE_AUTORELEASING = YES;
				CLANG_WARN_BOOL_CONVERSION = YES;
				CLANG_WARN_COMMA = YES;
				CLANG_WARN_CONSTANT_CONVERSION = YES;
				CLANG_WARN_DEPRECATED_OBJC_IMPLEMENTATIONS = YES;
				CLANG_WARN_DIRECT_OBJC_ISA_USAGE = YES_ERROR;
				CLANG_WARN_DOCUMENTATION_COMMENTS = YES;
				CLANG_WARN_EMPTY_BODY = YES;
				CLANG_WARN_ENUM_CONVERSION = YES;
				CLANG_WARN_INFINITE_RECURSION = YES;
				CLANG_WARN_INT_CONVERSION = YES;
				CLANG_WARN_NON_LITERAL_NULL_CONVERSION = YES;
				CLANG_WARN_OBJC_IMPLICIT_RETAIN_SELF = YES;
				CLANG_WARN_OBJC_LITERAL_CONVERSION = YES;
				CLANG_WARN_OBJC_ROOT_CLASS = YES_ERROR;
				CLANG_WARN_QUOTED_INCLUDE_IN_FRAMEWORK_HEADER = YES;
				CLANG_WARN_RANGE_LOOP_ANALYSIS = YES;
				CLANG_WARN_STRICT_PROTOTYPES = YES;
				CLANG_WARN_SUSPICIOUS_MOVE = YES;
				CLANG_WARN_UNGUARDED_AVAILABILITY = YES_AGGRESSIVE;
				CLANG_WARN_UNREACHABLE_CODE = YES;
				CLANG_WARN__DUPLICATE_METHOD_MATCH = YES;
				COPY_PHASE_STRIP = NO;
				DEBUG_INFORMATION_FORMAT = dwarf;
				ENABLE_STRICT_OBJC_MSGSEND = YES;
				ENABLE_TESTABILITY = YES;
				GCC_C_LANGUAGE_STANDARD = gnu11;
				GCC_DYNAMIC_NO_PIC = NO;
				GCC_NO_COMMON_BLOCKS = YES;
				GCC_OPTIMIZATION_LEVEL = 0;
				GCC_PREPROCESSOR_DEFINITIONS = (
					"DEBUG=1",
					"$(inherited)",
				);
				GCC_WARN_64_TO_32_BIT_CONVERSION = YES;
				GCC_WARN_ABOUT_RETURN_TYPE = YES_ERROR;
				GCC_WARN_UNDECLARED_SELECTOR = YES;
				GCC_WARN_UNINITIALIZED_AUTOS = YES_AGGRESSIVE;
				GCC_WARN_UNUSED_FUNCTION = YES;
				GCC_WARN_UNUSED_VARIABLE = YES;
				IPHONEOS_DEPLOYMENT_TARGET = 15.0;
				MTL_ENABLE_DEBUG_INFO = INCLUDE_SOURCE;
				MTL_FAST_MATH = YES;
				ONLY_ACTIVE_ARCH = YES;
				SDKROOT = iphoneos;
				SWIFT_ACTIVE_COMPILATION_CONDITIONS = DEBUG;
				SWIFT_OPTIMIZATION_LEVEL = "-Onone";
			};
			name = Debug;
		};
		3F015F102740167A00E3E8D5 /* Release */ = {
			isa = XCBuildConfiguration;
			buildSettings = {
				ALWAYS_SEARCH_USER_PATHS = NO;
				CLANG_ANALYZER_NONNULL = YES;
				CLANG_ANALYZER_NUMBER_OBJECT_CONVERSION = YES_AGGRESSIVE;
				CLANG_CXX_LANGUAGE_STANDARD = "gnu++17";
				CLANG_CXX_LIBRARY = "libc++";
				CLANG_ENABLE_MODULES = YES;
				CLANG_ENABLE_OBJC_ARC = YES;
				CLANG_ENABLE_OBJC_WEAK = YES;
				CLANG_WARN_BLOCK_CAPTURE_AUTORELEASING = YES;
				CLANG_WARN_BOOL_CONVERSION = YES;
				CLANG_WARN_COMMA = YES;
				CLANG_WARN_CONSTANT_CONVERSION = YES;
				CLANG_WARN_DEPRECATED_OBJC_IMPLEMENTATIONS = YES;
				CLANG_WARN_DIRECT_OBJC_ISA_USAGE = YES_ERROR;
				CLANG_WARN_DOCUMENTATION_COMMENTS = YES;
				CLANG_WARN_EMPTY_BODY = YES;
				CLANG_WARN_ENUM_CONVERSION = YES;
				CLANG_WARN_INFINITE_RECURSION = YES;
				CLANG_WARN_INT_CONVERSION = YES;
				CLANG_WARN_NON_LITERAL_NULL_CONVERSION = YES;
				CLANG_WARN_OBJC_IMPLICIT_RETAIN_SELF = YES;
				CLANG_WARN_OBJC_LITERAL_CONVERSION = YES;
				CLANG_WARN_OBJC_ROOT_CLASS = YES_ERROR;
				CLANG_WARN_QUOTED_INCLUDE_IN_FRAMEWORK_HEADER = YES;
				CLANG_WARN_RANGE_LOOP_ANALYSIS = YES;
				CLANG_WARN_STRICT_PROTOTYPES = YES;
				CLANG_WARN_SUSPICIOUS_MOVE = YES;
				CLANG_WARN_UNGUARDED_AVAILABILITY = YES_AGGRESSIVE;
				CLANG_WARN_UNREACHABLE_CODE = YES;
				CLANG_WARN__DUPLICATE_METHOD_MATCH = YES;
				COPY_PHASE_STRIP = NO;
				DEBUG_INFORMATION_FORMAT = "dwarf-with-dsym";
				ENABLE_NS_ASSERTIONS = NO;
				ENABLE_STRICT_OBJC_MSGSEND = YES;
				GCC_C_LANGUAGE_STANDARD = gnu11;
				GCC_NO_COMMON_BLOCKS = YES;
				GCC_WARN_64_TO_32_BIT_CONVERSION = YES;
				GCC_WARN_ABOUT_RETURN_TYPE = YES_ERROR;
				GCC_WARN_UNDECLARED_SELECTOR = YES;
				GCC_WARN_UNINITIALIZED_AUTOS = YES_AGGRESSIVE;
				GCC_WARN_UNUSED_FUNCTION = YES;
				GCC_WARN_UNUSED_VARIABLE = YES;
				IPHONEOS_DEPLOYMENT_TARGET = 15.0;
				MTL_ENABLE_DEBUG_INFO = NO;
				MTL_FAST_MATH = YES;
				SDKROOT = iphoneos;
				SWIFT_COMPILATION_MODE = wholemodule;
				SWIFT_OPTIMIZATION_LEVEL = "-O";
				VALIDATE_PRODUCT = YES;
			};
			name = Release;
		};
		3F015F122740167A00E3E8D5 /* Debug */ = {
			isa = XCBuildConfiguration;
			buildSettings = {
				ASSETCATALOG_COMPILER_APPICON_NAME = AppIcon;
				ASSETCATALOG_COMPILER_GLOBAL_ACCENT_COLOR_NAME = AccentColor;
				CODE_SIGN_STYLE = Automatic;
				CURRENT_PROJECT_VERSION = 1;
				GENERATE_INFOPLIST_FILE = YES;
				INFOPLIST_FILE = Tinder/Info.plist;
				INFOPLIST_KEY_UIApplicationSupportsIndirectInputEvents = YES;
				INFOPLIST_KEY_UILaunchStoryboardName = LaunchScreen;
				INFOPLIST_KEY_UIMainStoryboardFile = Main;
				INFOPLIST_KEY_UISupportedInterfaceOrientations_iPad = "UIInterfaceOrientationPortrait UIInterfaceOrientationPortraitUpsideDown UIInterfaceOrientationLandscapeLeft UIInterfaceOrientationLandscapeRight";
				INFOPLIST_KEY_UISupportedInterfaceOrientations_iPhone = "UIInterfaceOrientationPortrait UIInterfaceOrientationLandscapeLeft UIInterfaceOrientationLandscapeRight";
				LD_RUNPATH_SEARCH_PATHS = (
					"$(inherited)",
					"@executable_path/Frameworks",
				);
				MARKETING_VERSION = 1.0;
				PRODUCT_BUNDLE_IDENTIFIER = OtomanimDev.Tinder;
				PRODUCT_NAME = "$(TARGET_NAME)";
				SWIFT_EMIT_LOC_STRINGS = YES;
				SWIFT_VERSION = 5.0;
				TARGETED_DEVICE_FAMILY = "1,2";
			};
			name = Debug;
		};
		3F015F132740167A00E3E8D5 /* Release */ = {
			isa = XCBuildConfiguration;
			buildSettings = {
				ASSETCATALOG_COMPILER_APPICON_NAME = AppIcon;
				ASSETCATALOG_COMPILER_GLOBAL_ACCENT_COLOR_NAME = AccentColor;
				CODE_SIGN_STYLE = Automatic;
				CURRENT_PROJECT_VERSION = 1;
				GENERATE_INFOPLIST_FILE = YES;
				INFOPLIST_FILE = Tinder/Info.plist;
				INFOPLIST_KEY_UIApplicationSupportsIndirectInputEvents = YES;
				INFOPLIST_KEY_UILaunchStoryboardName = LaunchScreen;
				INFOPLIST_KEY_UIMainStoryboardFile = Main;
				INFOPLIST_KEY_UISupportedInterfaceOrientations_iPad = "UIInterfaceOrientationPortrait UIInterfaceOrientationPortraitUpsideDown UIInterfaceOrientationLandscapeLeft UIInterfaceOrientationLandscapeRight";
				INFOPLIST_KEY_UISupportedInterfaceOrientations_iPhone = "UIInterfaceOrientationPortrait UIInterfaceOrientationLandscapeLeft UIInterfaceOrientationLandscapeRight";
				LD_RUNPATH_SEARCH_PATHS = (
					"$(inherited)",
					"@executable_path/Frameworks",
				);
				MARKETING_VERSION = 1.0;
				PRODUCT_BUNDLE_IDENTIFIER = OtomanimDev.Tinder;
				PRODUCT_NAME = "$(TARGET_NAME)";
				SWIFT_EMIT_LOC_STRINGS = YES;
				SWIFT_VERSION = 5.0;
				TARGETED_DEVICE_FAMILY = "1,2";
			};
			name = Release;
		};
		3F015F152740167A00E3E8D5 /* Debug */ = {
			isa = XCBuildConfiguration;
			buildSettings = {
				ALWAYS_EMBED_SWIFT_STANDARD_LIBRARIES = YES;
				BUNDLE_LOADER = "$(TEST_HOST)";
				CODE_SIGN_STYLE = Automatic;
				CURRENT_PROJECT_VERSION = 1;
				GENERATE_INFOPLIST_FILE = YES;
				IPHONEOS_DEPLOYMENT_TARGET = 15.0;
				LD_RUNPATH_SEARCH_PATHS = (
					"$(inherited)",
					"@executable_path/Frameworks",
					"@loader_path/Frameworks",
				);
				MARKETING_VERSION = 1.0;
				PRODUCT_BUNDLE_IDENTIFIER = OtomanimDev.TinderTests;
				PRODUCT_NAME = "$(TARGET_NAME)";
				SWIFT_EMIT_LOC_STRINGS = NO;
				SWIFT_VERSION = 5.0;
				TARGETED_DEVICE_FAMILY = "1,2";
				TEST_HOST = "$(BUILT_PRODUCTS_DIR)/Tinder.app/Tinder";
			};
			name = Debug;
		};
		3F015F162740167A00E3E8D5 /* Release */ = {
			isa = XCBuildConfiguration;
			buildSettings = {
				ALWAYS_EMBED_SWIFT_STANDARD_LIBRARIES = YES;
				BUNDLE_LOADER = "$(TEST_HOST)";
				CODE_SIGN_STYLE = Automatic;
				CURRENT_PROJECT_VERSION = 1;
				GENERATE_INFOPLIST_FILE = YES;
				IPHONEOS_DEPLOYMENT_TARGET = 15.0;
				LD_RUNPATH_SEARCH_PATHS = (
					"$(inherited)",
					"@executable_path/Frameworks",
					"@loader_path/Frameworks",
				);
				MARKETING_VERSION = 1.0;
				PRODUCT_BUNDLE_IDENTIFIER = OtomanimDev.TinderTests;
				PRODUCT_NAME = "$(TARGET_NAME)";
				SWIFT_EMIT_LOC_STRINGS = NO;
				SWIFT_VERSION = 5.0;
				TARGETED_DEVICE_FAMILY = "1,2";
				TEST_HOST = "$(BUILT_PRODUCTS_DIR)/Tinder.app/Tinder";
			};
			name = Release;
		};
		3F015F182740167A00E3E8D5 /* Debug */ = {
			isa = XCBuildConfiguration;
			buildSettings = {
				ALWAYS_EMBED_SWIFT_STANDARD_LIBRARIES = YES;
				CODE_SIGN_STYLE = Automatic;
				CURRENT_PROJECT_VERSION = 1;
				GENERATE_INFOPLIST_FILE = YES;
				LD_RUNPATH_SEARCH_PATHS = (
					"$(inherited)",
					"@executable_path/Frameworks",
					"@loader_path/Frameworks",
				);
				MARKETING_VERSION = 1.0;
				PRODUCT_BUNDLE_IDENTIFIER = OtomanimDev.TinderUITests;
				PRODUCT_NAME = "$(TARGET_NAME)";
				SWIFT_EMIT_LOC_STRINGS = NO;
				SWIFT_VERSION = 5.0;
				TARGETED_DEVICE_FAMILY = "1,2";
				TEST_TARGET_NAME = Tinder;
			};
			name = Debug;
		};
		3F015F192740167A00E3E8D5 /* Release */ = {
			isa = XCBuildConfiguration;
			buildSettings = {
				ALWAYS_EMBED_SWIFT_STANDARD_LIBRARIES = YES;
				CODE_SIGN_STYLE = Automatic;
				CURRENT_PROJECT_VERSION = 1;
				GENERATE_INFOPLIST_FILE = YES;
				LD_RUNPATH_SEARCH_PATHS = (
					"$(inherited)",
					"@executable_path/Frameworks",
					"@loader_path/Frameworks",
				);
				MARKETING_VERSION = 1.0;
				PRODUCT_BUNDLE_IDENTIFIER = OtomanimDev.TinderUITests;
				PRODUCT_NAME = "$(TARGET_NAME)";
				SWIFT_EMIT_LOC_STRINGS = NO;
				SWIFT_VERSION = 5.0;
				TARGETED_DEVICE_FAMILY = "1,2";
				TEST_TARGET_NAME = Tinder;
			};
			name = Release;
		};
/* End XCBuildConfiguration section */

/* Begin XCConfigurationList section */
		3F015EE22740166F00E3E8D5 /* Build configuration list for PBXProject "Tinder" */ = {
			isa = XCConfigurationList;
			buildConfigurations = (
				3F015F0F2740167A00E3E8D5 /* Debug */,
				3F015F102740167A00E3E8D5 /* Release */,
			);
			defaultConfigurationIsVisible = 0;
			defaultConfigurationName = Release;
		};
		3F015F112740167A00E3E8D5 /* Build configuration list for PBXNativeTarget "Tinder" */ = {
			isa = XCConfigurationList;
			buildConfigurations = (
				3F015F122740167A00E3E8D5 /* Debug */,
				3F015F132740167A00E3E8D5 /* Release */,
			);
			defaultConfigurationIsVisible = 0;
			defaultConfigurationName = Release;
		};
		3F015F142740167A00E3E8D5 /* Build configuration list for PBXNativeTarget "TinderTests" */ = {
			isa = XCConfigurationList;
			buildConfigurations = (
				3F015F152740167A00E3E8D5 /* Debug */,
				3F015F162740167A00E3E8D5 /* Release */,
			);
			defaultConfigurationIsVisible = 0;
			defaultConfigurationName = Release;
		};
		3F015F172740167A00E3E8D5 /* Build configuration list for PBXNativeTarget "TinderUITests" */ = {
			isa = XCConfigurationList;
			buildConfigurations = (
				3F015F182740167A00E3E8D5 /* Debug */,
				3F015F192740167A00E3E8D5 /* Release */,
			);
			defaultConfigurationIsVisible = 0;
			defaultConfigurationName = Release;
		};
/* End XCConfigurationList section */
	};
	rootObject = 3F015EDF2740166F00E3E8D5 /* Project object */;
}
